# This file is autogenerated, do not edit; changes may be undone by the next 'dep ensure'.


[[projects]]
  name = "github.com/golang/protobuf"
  packages = ["proto"]
  revision = "b4deda0973fb4c70b50d226b1af49f3da59f5265"
  version = "v1.1.0"

[[projects]]
  branch = "master"
  name = "google.golang.org/genproto"
  packages = ["googleapis/type/latlng"]
  revision = "e92b116572682a5b432ddd840aeaba2a559eeff1"

[solve-meta]
  analyzer-name = "dep"
  analyzer-version = 1
  inputs-digest = "4da8424f7f401b1c4cc440c758fe19aab100cbd5748d8910ba0e0f4ae99a8aa8"
  solver-name = "gps-cdcl"
  solver-version = 1
